
Microsoft Visual Studio Solution File, Format Version 12.00
# Visual Studio Version 16
VisualStudioVersion = 16.0.29728.190
MinimumVisualStudioVersion = 10.0.40219.1
Project("{FAE04EC0-301F-11D3-BF4B-00C04F79EFBC}") = "WindowsFormsApp1", "WindowsFormsApp1\WindowsFormsApp1.csproj", "{FFFEA41E-239D-49DB-B356-FD85A3693C2E}"
EndProject
Global
	GlobalSection(SolutionConfigurationPlatforms) = preSolution
		Debug|Any CPU = Debug|Any CPU
		Release|Any CPU = Release|Any CPU
	EndGlobalSection
	GlobalSection(ProjectConfigurationPlatforms) = postSolution
		{FFFEA41E-239D-49DB-B356-FD85A3693C2E}.Debug|Any CPU.ActiveCfg = Debug|Any CPU
		{FFFEA41E-239D-49DB-B356-FD85A3693C2E}.Debug|Any CPU.Build.0 = Debug|Any CPU
		{FFFEA41E-239D-49DB-B356-FD85A3693C2E}.Release|Any CPU.ActiveCfg = Release|Any CPU
		{FFFEA41E-239D-49DB-B356-FD85A3693C2E}.Release|Any CPU.Build.0 = Release|Any CPU
	EndGlobalSection
	GlobalSection(SolutionProperties) = preSolution
		HideSolutionNode = FALSE
	EndGlobalSection
	GlobalSection(ExtensibilityGlobals) = postSolution
		SolutionGuid = {97396393-F645-4957-9E74-2D150378276A}
	EndGlobalSection
EndGlobal
